<?xml version="1.0" encoding="utf-8"?>
<Project ToolsVersion="4.0" xmlns="http://schemas.microsoft.com/developer/msbuild/2003">
  <ItemGroup>
    <Filter Include="소스 파일">
      <UniqueIdentifier>{4FC737F1-C7A5-4376-A066-2A32D752A2FF}</UniqueIdentifier>
      <Extensions>cpp;c;cc;cxx;c++;cppm;ixx;def;odl;idl;hpj;bat;asm;asmx</Extensions>
    </Filter>
    <Filter Include="헤더 파일">
      <UniqueIdentifier>{93995380-89BD-4b04-88EB-625FBE52EBFB}</UniqueIdentifier>
      <Extensions>h;hh;hpp;hxx;h++;hm;inl;inc;ipp;xsd</Extensions>
    </Filter>
    <Filter Include="리소스 파일">
      <UniqueIdentifier>{67DA6AB6-F800-4c08-8B7A-83BB121AAD01}</UniqueIdentifier>
      <Extensions>rc;ico;cur;bmp;dlg;rc2;rct;bin;rgs;gif;jpg;jpeg;jpe;resx;tiff;tif;png;wav;mfcribbon-ms</Extensions>
    </Filter>
    <Filter Include="소스 파일\0. 새싹">
      <UniqueIdentifier>{51809959-f78a-45a8-a094-7fa012cae035}</UniqueIdentifier>
    </Filter>
    <Filter Include="소스 파일\0. 새싹\1. 출력">
      <UniqueIdentifier>{9093d18e-c38e-47cd-b7b0-660851cb61e7}</UniqueIdentifier>
    </Filter>
    <Filter Include="소스 파일\0. 새싹\2. 입력과 계산">
      <UniqueIdentifier>{60dbdbaa-cfad-4506-b8bc-47cca8311ae1}</UniqueIdentifier>
    </Filter>
    <Filter Include="소스 파일\0. 새싹\3. 조건">
      <UniqueIdentifier>{92d4ca77-54eb-4ad7-9217-f50ae5bd9787}</UniqueIdentifier>
    </Filter>
    <Filter Include="소스 파일\0. 새싹\4. 반복">
      <UniqueIdentifier>{30228a89-7de5-4d3c-a4e3-230516c66bf9}</UniqueIdentifier>
    </Filter>
    <Filter Include="소스 파일\0. 새싹\5. 빠른 입출력">
      <UniqueIdentifier>{fd065bf9-2609-4d5b-a729-53458654d916}</UniqueIdentifier>
    </Filter>
    <Filter Include="소스 파일\0. 새싹\6. 배열">
      <UniqueIdentifier>{da229e5e-13b0-4d0e-9c01-34218ab3e5cc}</UniqueIdentifier>
    </Filter>
    <Filter Include="소스 파일\0. 새싹\7. 문자열">
      <UniqueIdentifier>{2f190267-f73f-4033-8a1b-c01c9129a9bc}</UniqueIdentifier>
    </Filter>
    <Filter Include="소스 파일\0. 새싹\8. 함수">
      <UniqueIdentifier>{f64ae800-c28e-492c-828d-01467f318aa9}</UniqueIdentifier>
    </Filter>
    <Filter Include="소스 파일\1. 브론즈">
      <UniqueIdentifier>{721e4266-974f-4529-9585-3c7bd8ed6eaa}</UniqueIdentifier>
    </Filter>
    <Filter Include="소스 파일\1. 브론즈\브론즈5">
      <UniqueIdentifier>{eb10ab6c-7b71-407d-b723-4031a7b2355b}</UniqueIdentifier>
    </Filter>
    <Filter Include="소스 파일\1. 브론즈\브론즈4">
      <UniqueIdentifier>{ef3b355f-b698-4284-9d4e-d2b2a41920f7}</UniqueIdentifier>
    </Filter>
    <Filter Include="소스 파일\1. 브론즈\브론즈3">
      <UniqueIdentifier>{cc5dd442-68d7-443d-bb95-aa3c0e0010ae}</UniqueIdentifier>
    </Filter>
    <Filter Include="소스 파일\1. 브론즈\브론즈2">
      <UniqueIdentifier>{e3f3678a-0703-4704-99e6-7fd1f0defcf1}</UniqueIdentifier>
    </Filter>
    <Filter Include="소스 파일\1. 브론즈\브론즈1">
      <UniqueIdentifier>{165c1266-0752-46a4-8aed-e0e86b9d51e8}</UniqueIdentifier>
    </Filter>
    <Filter Include="소스 파일\3. 골드">
      <UniqueIdentifier>{d51291c5-9400-4b75-91f6-a1f847718473}</UniqueIdentifier>
    </Filter>
    <Filter Include="소스 파일\3. 골드\골드5">
      <UniqueIdentifier>{e48ab070-1f6e-47a6-9a0b-46a378fe714e}</UniqueIdentifier>
    </Filter>
    <Filter Include="소스 파일\3. 골드\골드4">
      <UniqueIdentifier>{493a365e-5d7e-481d-b288-15bd0f967a46}</UniqueIdentifier>
    </Filter>
    <Filter Include="소스 파일\2. 실버">
      <UniqueIdentifier>{f8aa91e5-5a04-44e2-95ed-9a15893caf55}</UniqueIdentifier>
    </Filter>
    <Filter Include="소스 파일\2. 실버\실버5">
      <UniqueIdentifier>{22c086c9-4bc6-4a4c-ab12-b0a8678de3dc}</UniqueIdentifier>
    </Filter>
    <Filter Include="소스 파일\2. 실버\실버4">
      <UniqueIdentifier>{d67e4d3d-36e7-46c3-a74b-e1d5e9ef7685}</UniqueIdentifier>
    </Filter>
    <Filter Include="소스 파일\2. 실버\실버1">
      <UniqueIdentifier>{a239e5f5-a6fa-4d47-b2f4-36a55a5d9bcb}</UniqueIdentifier>
    </Filter>
    <Filter Include="소스 파일\2. 실버\실버2">
      <UniqueIdentifier>{7904ffbf-b913-4ffb-b890-8333369cb13b}</UniqueIdentifier>
    </Filter>
    <Filter Include="소스 파일\2. 실버\실버3">
      <UniqueIdentifier>{3c4b2abb-4eab-41f1-9979-2c3d53be60d1}</UniqueIdentifier>
    </Filter>
  </ItemGroup>
  <ItemGroup>
    <ClCompile Include="02557.cpp">
      <Filter>소스 파일\0. 새싹\1. 출력</Filter>
    </ClCompile>
    <ClCompile Include="10699.cpp">
      <Filter>소스 파일\0. 새싹\1. 출력</Filter>
    </ClCompile>
    <ClCompile Include="07287.cpp">
      <Filter>소스 파일\0. 새싹\1. 출력</Filter>
    </ClCompile>
    <ClCompile Include="10171.cpp">
      <Filter>소스 파일\0. 새싹\1. 출력</Filter>
    </ClCompile>
    <ClCompile Include="01000.cpp">
      <Filter>소스 파일\0. 새싹\2. 입력과 계산</Filter>
    </ClCompile>
    <ClCompile Include="01001.cpp">
      <Filter>소스 파일\0. 새싹\2. 입력과 계산</Filter>
    </ClCompile>
    <ClCompile Include="01330.cpp">
      <Filter>소스 파일\0. 새싹\3. 조건</Filter>
    </ClCompile>
    <ClCompile Include="01271.cpp">
      <Filter>소스 파일\1. 브론즈\브론즈5</Filter>
    </ClCompile>
    <ClCompile Include="10172.cpp">
      <Filter>소스 파일\0. 새싹\1. 출력</Filter>
    </ClCompile>
    <ClCompile Include="25083.cpp">
      <Filter>소스 파일\0. 새싹\1. 출력</Filter>
    </ClCompile>
    <ClCompile Include="10998.cpp">
      <Filter>소스 파일\0. 새싹\2. 입력과 계산</Filter>
    </ClCompile>
    <ClCompile Include="10869.cpp">
      <Filter>소스 파일\0. 새싹\2. 입력과 계산</Filter>
    </ClCompile>
    <ClCompile Include="01008.cpp">
      <Filter>소스 파일\0. 새싹\2. 입력과 계산</Filter>
    </ClCompile>
    <ClCompile Include="11382.cpp">
      <Filter>소스 파일\0. 새싹\2. 입력과 계산</Filter>
    </ClCompile>
    <ClCompile Include="09498.cpp">
      <Filter>소스 파일\0. 새싹\3. 조건</Filter>
    </ClCompile>
    <ClCompile Include="14681.cpp">
      <Filter>소스 파일\0. 새싹\3. 조건</Filter>
    </ClCompile>
    <ClCompile Include="02753.cpp">
      <Filter>소스 파일\0. 새싹\3. 조건</Filter>
    </ClCompile>
    <ClCompile Include="02420.cpp">
      <Filter>소스 파일\0. 새싹\3. 조건</Filter>
    </ClCompile>
    <ClCompile Include="02741.cpp">
      <Filter>소스 파일\0. 새싹\4. 반복</Filter>
    </ClCompile>
    <ClCompile Include="10872.cpp">
      <Filter>소스 파일\0. 새싹\4. 반복</Filter>
    </ClCompile>
    <ClCompile Include="10950.cpp">
      <Filter>소스 파일\0. 새싹\4. 반복</Filter>
    </ClCompile>
    <ClCompile Include="10952.cpp">
      <Filter>소스 파일\0. 새싹\4. 반복</Filter>
    </ClCompile>
    <ClCompile Include="02739.cpp">
      <Filter>소스 파일\0. 새싹\4. 반복</Filter>
    </ClCompile>
    <ClCompile Include="02438.cpp">
      <Filter>소스 파일\0. 새싹\4. 반복</Filter>
    </ClCompile>
    <ClCompile Include="10951.cpp">
      <Filter>소스 파일\0. 새싹\4. 반복</Filter>
    </ClCompile>
    <ClCompile Include="15552.cpp">
      <Filter>소스 파일\0. 새싹\5. 빠른 입출력</Filter>
    </ClCompile>
    <ClCompile Include="10871.cpp">
      <Filter>소스 파일\0. 새싹\6. 배열</Filter>
    </ClCompile>
    <ClCompile Include="10807.cpp">
      <Filter>소스 파일\0. 새싹\6. 배열</Filter>
    </ClCompile>
    <ClCompile Include="05597.cpp">
      <Filter>소스 파일\0. 새싹\6. 배열</Filter>
    </ClCompile>
    <ClCompile Include="02738.cpp">
      <Filter>소스 파일\0. 새싹\6. 배열</Filter>
    </ClCompile>
    <ClCompile Include="11654.cpp">
      <Filter>소스 파일\0. 새싹\7. 문자열</Filter>
    </ClCompile>
    <ClCompile Include="2743.cpp">
      <Filter>소스 파일\0. 새싹\7. 문자열</Filter>
    </ClCompile>
    <ClCompile Include="02744.cpp">
      <Filter>소스 파일\0. 새싹\7. 문자열</Filter>
    </ClCompile>
    <ClCompile Include="02754.cpp">
      <Filter>소스 파일\0. 새싹\7. 문자열</Filter>
    </ClCompile>
    <ClCompile Include="10809.cpp">
      <Filter>소스 파일\0. 새싹\7. 문자열</Filter>
    </ClCompile>
    <ClCompile Include="11718R.cpp">
      <Filter>소스 파일\0. 새싹\7. 문자열</Filter>
    </ClCompile>
    <ClCompile Include="09086.cpp">
      <Filter>소스 파일\0. 새싹\7. 문자열</Filter>
    </ClCompile>
    <ClCompile Include="15964.cpp">
      <Filter>소스 파일\0. 새싹\8. 함수</Filter>
    </ClCompile>
    <ClCompile Include="02475.cpp">
      <Filter>소스 파일\0. 새싹\8. 함수</Filter>
    </ClCompile>
    <ClCompile Include="02562.cpp">
      <Filter>소스 파일\1. 브론즈\브론즈3</Filter>
    </ClCompile>
    <ClCompile Include="02675.cpp">
      <Filter>소스 파일\1. 브론즈\브론즈2</Filter>
    </ClCompile>
    <ClCompile Include="02920.cpp">
      <Filter>소스 파일\1. 브론즈\브론즈2</Filter>
    </ClCompile>
    <ClCompile Include="08958.cpp">
      <Filter>소스 파일\1. 브론즈\브론즈2</Filter>
    </ClCompile>
    <ClCompile Include="11720.cpp">
      <Filter>소스 파일\1. 브론즈\브론즈4</Filter>
    </ClCompile>
    <ClCompile Include="10818.cpp">
      <Filter>소스 파일\1. 브론즈\브론즈3</Filter>
    </ClCompile>
    <ClCompile Include="02742.cpp">
      <Filter>소스 파일\1. 브론즈\브론즈4</Filter>
    </ClCompile>
    <ClCompile Include="02439.cpp">
      <Filter>소스 파일\1. 브론즈\브론즈4</Filter>
    </ClCompile>
    <ClCompile Include="02884.cpp">
      <Filter>소스 파일\1. 브론즈\브론즈3</Filter>
    </ClCompile>
    <ClCompile Include="02577.cpp">
      <Filter>소스 파일\1. 브론즈\브론즈2</Filter>
    </ClCompile>
    <ClCompile Include="02908.cpp">
      <Filter>소스 파일\1. 브론즈\브론즈2</Filter>
    </ClCompile>
    <ClCompile Include="03052.cpp">
      <Filter>소스 파일\1. 브론즈\브론즈2</Filter>
    </ClCompile>
    <ClCompile Include="01152.cpp">
      <Filter>소스 파일\1. 브론즈\브론즈2</Filter>
    </ClCompile>
    <ClCompile Include="01157.cpp">
      <Filter>소스 파일\1. 브론즈\브론즈1</Filter>
    </ClCompile>
    <ClCompile Include="01546.cpp">
      <Filter>소스 파일\1. 브론즈\브론즈1</Filter>
    </ClCompile>
    <ClCompile Include="01085.cpp">
      <Filter>소스 파일\1. 브론즈\브론즈3</Filter>
    </ClCompile>
    <ClCompile Include="04153.cpp">
      <Filter>소스 파일\1. 브론즈\브론즈3</Filter>
    </ClCompile>
    <ClCompile Include="10250.cpp">
      <Filter>소스 파일\1. 브론즈\브론즈2</Filter>
    </ClCompile>
    <ClCompile Include="02292.cpp">
      <Filter>소스 파일\1. 브론즈\브론즈2</Filter>
    </ClCompile>
    <ClCompile Include="15829.cpp">
      <Filter>소스 파일\1. 브론즈\브론즈2</Filter>
    </ClCompile>
    <ClCompile Include="02798.cpp">
      <Filter>소스 파일\1. 브론즈\브론즈2</Filter>
    </ClCompile>
    <ClCompile Include="02231.cpp">
      <Filter>소스 파일\1. 브론즈\브론즈2</Filter>
    </ClCompile>
    <ClCompile Include="01259.cpp">
      <Filter>소스 파일\1. 브론즈\브론즈1</Filter>
    </ClCompile>
    <ClCompile Include="02609.cpp">
      <Filter>소스 파일\1. 브론즈\브론즈1</Filter>
    </ClCompile>
    <ClCompile Include="11050.cpp">
      <Filter>소스 파일\1. 브론즈\브론즈1</Filter>
    </ClCompile>
    <ClCompile Include="02558.cpp">
      <Filter>소스 파일\1. 브론즈\브론즈5</Filter>
    </ClCompile>
    <ClCompile Include="01264.cpp">
      <Filter>소스 파일\1. 브론즈\브론즈4</Filter>
    </ClCompile>
    <ClCompile Include="02442.cpp">
      <Filter>소스 파일\1. 브론즈\브론즈3</Filter>
    </ClCompile>
    <ClCompile Include="01297.cpp">
      <Filter>소스 파일\1. 브론즈\브론즈2</Filter>
    </ClCompile>
    <ClCompile Include="027753.cpp">
      <Filter>소스 파일\1. 브론즈\브론즈1</Filter>
    </ClCompile>
    <ClCompile Include="06749.cpp">
      <Filter>소스 파일\1. 브론즈\브론즈4</Filter>
    </ClCompile>
    <ClCompile Include="02588.cpp">
      <Filter>소스 파일\1. 브론즈\브론즈3</Filter>
    </ClCompile>
    <ClCompile Include="04101.cpp">
      <Filter>소스 파일\1. 브론즈\브론즈5</Filter>
    </ClCompile>
    <ClCompile Include="04999.cpp">
      <Filter>소스 파일\1. 브론즈\브론즈5</Filter>
    </ClCompile>
    <ClCompile Include="10808.cpp">
      <Filter>소스 파일\1. 브론즈\브론즈4</Filter>
    </ClCompile>
    <ClCompile Include="02525.cpp">
      <Filter>소스 파일\1. 브론즈\브론즈3</Filter>
    </ClCompile>
    <ClCompile Include="02857.cpp">
      <Filter>소스 파일\1. 브론즈\브론즈3</Filter>
    </ClCompile>
    <ClCompile Include="01712.cpp">
      <Filter>소스 파일\1. 브론즈\브론즈2</Filter>
    </ClCompile>
    <ClCompile Include="10817.cpp">
      <Filter>소스 파일\1. 브론즈\브론즈3</Filter>
    </ClCompile>
    <ClCompile Include="15596.cpp">
      <Filter>소스 파일\1. 브론즈\브론즈2</Filter>
    </ClCompile>
    <ClCompile Include="10718.cpp">
      <Filter>소스 파일\1. 브론즈\브론즈5</Filter>
    </ClCompile>
    <ClCompile Include="10430.cpp">
      <Filter>소스 파일\1. 브론즈\브론즈5</Filter>
    </ClCompile>
    <ClCompile Include="08393.cpp">
      <Filter>소스 파일\1. 브론즈\브론즈5</Filter>
    </ClCompile>
    <ClCompile Include="11021.cpp">
      <Filter>소스 파일\1. 브론즈\브론즈5</Filter>
    </ClCompile>
    <ClCompile Include="11022.cpp">
      <Filter>소스 파일\1. 브론즈\브론즈5</Filter>
    </ClCompile>
    <ClCompile Include="02441.cpp">
      <Filter>소스 파일\1. 브론즈\브론즈3</Filter>
    </ClCompile>
    <ClCompile Include="11721.cpp">
      <Filter>소스 파일\1. 브론즈\브론즈3</Filter>
    </ClCompile>
    <ClCompile Include="11719.cpp">
      <Filter>소스 파일\1. 브론즈\브론즈3</Filter>
    </ClCompile>
    <ClCompile Include="03009.cpp">
      <Filter>소스 파일\1. 브론즈\브론즈3</Filter>
    </ClCompile>
    <ClCompile Include="10953.cpp">
      <Filter>소스 파일\1. 브론즈\브론즈3</Filter>
    </ClCompile>
    <ClCompile Include="02445.cpp">
      <Filter>소스 파일\1. 브론즈\브론즈3</Filter>
    </ClCompile>
    <ClCompile Include="02443.cpp">
      <Filter>소스 파일\1. 브론즈\브론즈3</Filter>
    </ClCompile>
    <ClCompile Include="02444.cpp">
      <Filter>소스 파일\1. 브론즈\브론즈3</Filter>
    </ClCompile>
    <ClCompile Include="02523.cpp">
      <Filter>소스 파일\1. 브론즈\브론즈3</Filter>
    </ClCompile>
    <ClCompile Include="02490.cpp">
      <Filter>소스 파일\1. 브론즈\브론즈3</Filter>
    </ClCompile>
    <ClCompile Include="05086.cpp">
      <Filter>소스 파일\1. 브론즈\브론즈3</Filter>
    </ClCompile>
    <ClCompile Include="02455.cpp">
      <Filter>소스 파일\1. 브론즈\브론즈3</Filter>
    </ClCompile>
    <ClCompile Include="02914.cpp">
      <Filter>소스 파일\1. 브론즈\브론즈3</Filter>
    </ClCompile>
    <ClCompile Include="02522.cpp">
      <Filter>소스 파일\1. 브론즈\브론즈3</Filter>
    </ClCompile>
    <ClCompile Include="10991.cpp">
      <Filter>소스 파일\1. 브론즈\브론즈3</Filter>
    </ClCompile>
    <ClCompile Include="10162.cpp">
      <Filter>소스 파일\1. 브론즈\브론즈3</Filter>
    </ClCompile>
    <ClCompile Include="02576.cpp">
      <Filter>소스 파일\1. 브론즈\브론즈3</Filter>
    </ClCompile>
    <ClCompile Include="10886.cpp">
      <Filter>소스 파일\1. 브론즈\브론즈3</Filter>
    </ClCompile>
    <ClCompile Include="02953.cpp">
      <Filter>소스 파일\1. 브론즈\브론즈3</Filter>
    </ClCompile>
    <ClCompile Include="03053.cpp">
      <Filter>소스 파일\1. 브론즈\브론즈3</Filter>
    </ClCompile>
    <ClCompile Include="02501.cpp">
      <Filter>소스 파일\1. 브론즈\브론즈3</Filter>
    </ClCompile>
    <ClCompile Include="05565.cpp">
      <Filter>소스 파일\1. 브론즈\브론즈3</Filter>
    </ClCompile>
    <ClCompile Include="10992.cpp">
      <Filter>소스 파일\1. 브론즈\브론즈3</Filter>
    </ClCompile>
    <ClCompile Include="10824.cpp">
      <Filter>소스 파일\1. 브론즈\브론즈3</Filter>
    </ClCompile>
    <ClCompile Include="02875.cpp">
      <Filter>소스 파일\1. 브론즈\브론즈3</Filter>
    </ClCompile>
    <ClCompile Include="02010.cpp">
      <Filter>소스 파일\1. 브론즈\브론즈3</Filter>
    </ClCompile>
    <ClCompile Include="02460.cpp">
      <Filter>소스 파일\1. 브론즈\브론즈3</Filter>
    </ClCompile>
    <ClCompile Include="02506.cpp">
      <Filter>소스 파일\1. 브론즈\브론즈3</Filter>
    </ClCompile>
    <ClCompile Include="01547.cpp">
      <Filter>소스 파일\1. 브론즈\브론즈3</Filter>
    </ClCompile>
    <ClCompile Include="05063.cpp">
      <Filter>소스 파일\1. 브론즈\브론즈3</Filter>
    </ClCompile>
    <ClCompile Include="10833.cpp">
      <Filter>소스 파일\1. 브론즈\브론즈3</Filter>
    </ClCompile>
    <ClCompile Include="02935.cpp">
      <Filter>소스 파일\1. 브론즈\브론즈3</Filter>
    </ClCompile>
    <ClCompile Include="02476.cpp">
      <Filter>소스 파일\1. 브론즈\브론즈3</Filter>
    </ClCompile>
    <ClCompile Include="15894.cpp">
      <Filter>소스 파일\1. 브론즈\브론즈3</Filter>
    </ClCompile>
    <ClCompile Include="09085.cpp">
      <Filter>소스 파일\1. 브론즈\브론즈3</Filter>
    </ClCompile>
    <ClCompile Include="10995.cpp">
      <Filter>소스 파일\1. 브론즈\브론즈3</Filter>
    </ClCompile>
    <ClCompile Include="10987.cpp">
      <Filter>소스 파일\1. 브론즈\브론즈3</Filter>
    </ClCompile>
    <ClCompile Include="03460.cpp">
      <Filter>소스 파일\1. 브론즈\브론즈3</Filter>
    </ClCompile>
    <ClCompile Include="01267.cpp">
      <Filter>소스 파일\1. 브론즈\브론즈3</Filter>
    </ClCompile>
    <ClCompile Include="10990.cpp">
      <Filter>소스 파일\1. 브론즈\브론즈3</Filter>
    </ClCompile>
    <ClCompile Include="02447.cpp">
      <Filter>소스 파일\3. 골드\골드5</Filter>
    </ClCompile>
    <ClCompile Include="15953.cpp">
      <Filter>소스 파일\1. 브론즈\브론즈3</Filter>
    </ClCompile>
    <ClCompile Include="01110.cpp">
      <Filter>소스 파일\1. 브론즈\브론즈1</Filter>
    </ClCompile>
    <ClCompile Include="04673.cpp">
      <Filter>소스 파일\2. 실버\실버5</Filter>
    </ClCompile>
    <ClCompile Include="10926.cpp">
      <Filter>소스 파일\1. 브론즈\브론즈5</Filter>
    </ClCompile>
    <ClCompile Include="01316.cpp">
      <Filter>소스 파일\2. 실버\실버5</Filter>
    </ClCompile>
    <ClCompile Include="05622.cpp">
      <Filter>소스 파일\1. 브론즈\브론즈2</Filter>
    </ClCompile>
    <ClCompile Include="02839.cpp">
      <Filter>소스 파일\2. 실버\실버4</Filter>
    </ClCompile>
    <ClCompile Include="04344.cpp">
      <Filter>소스 파일\1. 브론즈\브론즈1</Filter>
    </ClCompile>
    <ClCompile Include="18108.cpp">
      <Filter>소스 파일\1. 브론즈\브론즈5</Filter>
    </ClCompile>
    <ClCompile Include="10870.cpp">
      <Filter>소스 파일\1. 브론즈\브론즈2</Filter>
    </ClCompile>
    <ClCompile Include="02869.cpp">
      <Filter>소스 파일\1. 브론즈\브론즈1</Filter>
    </ClCompile>
    <ClCompile Include="05585.cpp">
      <Filter>소스 파일\1. 브론즈\브론즈2</Filter>
    </ClCompile>
    <ClCompile Include="04796.cpp">
      <Filter>소스 파일\1. 브론즈\브론즈1</Filter>
    </ClCompile>
    <ClCompile Include="02751.cpp">
      <Filter>소스 파일\2. 실버\실버5</Filter>
    </ClCompile>
    <ClCompile Include="10707.cpp">
      <Filter>소스 파일\1. 브론즈\브론즈3</Filter>
    </ClCompile>
    <ClCompile Include="02566.cpp">
      <Filter>소스 파일\1. 브론즈\브론즈3</Filter>
    </ClCompile>
    <ClCompile Include="11399.cpp">
      <Filter>소스 파일\2. 실버\실버4</Filter>
    </ClCompile>
    <ClCompile Include="11047.cpp">
      <Filter>소스 파일\2. 실버\실버4</Filter>
    </ClCompile>
    <ClCompile Include="01931.cpp">
      <Filter>소스 파일\2. 실버\실버1</Filter>
    </ClCompile>
    <ClCompile Include="03003.cpp">
      <Filter>소스 파일\1. 브론즈\브론즈5</Filter>
    </ClCompile>
    <ClCompile Include="11942.cpp">
      <Filter>소스 파일\1. 브론즈\브론즈5</Filter>
    </ClCompile>
    <ClCompile Include="09653.cpp">
      <Filter>소스 파일\1. 브론즈\브론즈5</Filter>
    </ClCompile>
    <ClCompile Include="10103.cpp">
      <Filter>소스 파일\1. 브론즈\브론즈3</Filter>
    </ClCompile>
    <ClCompile Include="10214.cpp">
      <Filter>소스 파일\1. 브론즈\브론즈3</Filter>
    </ClCompile>
    <ClCompile Include="02747.cpp">
      <Filter>소스 파일\1. 브론즈\브론즈2</Filter>
    </ClCompile>
    <ClCompile Include="13458.cpp">
      <Filter>소스 파일\1. 브론즈\브론즈2</Filter>
    </ClCompile>
    <ClCompile Include="01009.cpp">
      <Filter>소스 파일\1. 브론즈\브론즈2</Filter>
    </ClCompile>
    <ClCompile Include="02480.cpp">
      <Filter>소스 파일\1. 브론즈\브론즈4</Filter>
    </ClCompile>
    <ClCompile Include="10039.cpp">
      <Filter>소스 파일\1. 브론즈\브론즈4</Filter>
    </ClCompile>
    <ClCompile Include="05543.cpp">
      <Filter>소스 파일\1. 브론즈\브론즈4</Filter>
    </ClCompile>
    <ClCompile Include="10797.cpp">
      <Filter>소스 파일\1. 브론즈\브론즈4</Filter>
    </ClCompile>
    <ClCompile Include="02530.cpp">
      <Filter>소스 파일\1. 브론즈\브론즈4</Filter>
    </ClCompile>
    <ClCompile Include="05337.cpp">
      <Filter>소스 파일\1. 브론즈\브론즈5</Filter>
    </ClCompile>
    <ClCompile Include="05522.cpp">
      <Filter>소스 파일\1. 브론즈\브론즈5</Filter>
    </ClCompile>
    <ClCompile Include="09654.cpp">
      <Filter>소스 파일\1. 브론즈\브론즈5</Filter>
    </ClCompile>
    <ClCompile Include="14645.cpp">
      <Filter>소스 파일\1. 브론즈\브론즈5</Filter>
    </ClCompile>
    <ClCompile Include="25304.cpp">
      <Filter>소스 파일\1. 브론즈\브론즈5</Filter>
    </ClCompile>
    <ClCompile Include="02592.cpp">
      <Filter>소스 파일\1. 브론즈\브론즈2</Filter>
    </ClCompile>
    <ClCompile Include="02711.cpp">
      <Filter>소스 파일\1. 브론즈\브론즈2</Filter>
    </ClCompile>
    <ClCompile Include="05054.cpp">
      <Filter>소스 파일\1. 브론즈\브론즈2</Filter>
    </ClCompile>
    <ClCompile Include="01292.cpp">
      <Filter>소스 파일\1. 브론즈\브론즈1</Filter>
    </ClCompile>
    <ClCompile Include="02822.cpp">
      <Filter>소스 파일\2. 실버\실버5</Filter>
    </ClCompile>
    <ClCompile Include="01977.cpp">
      <Filter>소스 파일\1. 브론즈\브론즈2</Filter>
    </ClCompile>
    <ClCompile Include="11098.cpp">
      <Filter>소스 파일\1. 브론즈\브론즈2</Filter>
    </ClCompile>
    <ClCompile Include="05635.cpp">
      <Filter>소스 파일\2. 실버\실버5</Filter>
    </ClCompile>
    <ClCompile Include="01408.cpp">
      <Filter>소스 파일\1. 브론즈\브론즈2</Filter>
    </ClCompile>
    <ClCompile Include="10984.cpp">
      <Filter>소스 파일\1. 브론즈\브론즈3</Filter>
    </ClCompile>
    <ClCompile Include="02748.cpp">
      <Filter>소스 파일\1. 브론즈\브론즈1</Filter>
    </ClCompile>
    <ClCompile Include="09325.cpp">
      <Filter>소스 파일\1. 브론즈\브론즈3</Filter>
    </ClCompile>
    <ClCompile Include="10178.cpp">
      <Filter>소스 파일\1. 브론즈\브론즈3</Filter>
    </ClCompile>
    <ClCompile Include="09295.cpp">
      <Filter>소스 파일\1. 브론즈\브론즈3</Filter>
    </ClCompile>
    <ClCompile Include="10569.cpp">
      <Filter>소스 파일\1. 브론즈\브론즈3</Filter>
    </ClCompile>
    <ClCompile Include="02921.cpp">
      <Filter>소스 파일\1. 브론즈\브론즈3</Filter>
    </ClCompile>
    <ClCompile Include="01978.cpp">
      <Filter>소스 파일\2. 실버\실버5</Filter>
    </ClCompile>
    <ClCompile Include="02581.cpp">
      <Filter>소스 파일\2. 실버\실버5</Filter>
    </ClCompile>
    <ClCompile Include="01427.cpp">
      <Filter>소스 파일\2. 실버\실버5</Filter>
    </ClCompile>
    <ClCompile Include="11650.cpp">
      <Filter>소스 파일\2. 실버\실버5</Filter>
    </ClCompile>
    <ClCompile Include="01920.cpp">
      <Filter>소스 파일\2. 실버\실버4</Filter>
    </ClCompile>
    <ClCompile Include="10814.cpp">
      <Filter>소스 파일\2. 실버\실버5</Filter>
    </ClCompile>
    <ClCompile Include="02309.cpp">
      <Filter>소스 파일\1. 브론즈\브론즈1</Filter>
    </ClCompile>
    <ClCompile Include="10828.cpp">
      <Filter>소스 파일\2. 실버\실버4</Filter>
    </ClCompile>
    <ClCompile Include="10845.cpp">
      <Filter>소스 파일\2. 실버\실버4</Filter>
    </ClCompile>
    <ClCompile Include="10866.cpp">
      <Filter>소스 파일\2. 실버\실버4</Filter>
    </ClCompile>
    <ClCompile Include="05339.cpp">
      <Filter>소스 파일\1. 브론즈\브론즈5</Filter>
    </ClCompile>
    <ClCompile Include="14581.cpp">
      <Filter>소스 파일\1. 브론즈\브론즈5</Filter>
    </ClCompile>
    <ClCompile Include="14652.cpp">
      <Filter>소스 파일\1. 브론즈\브론즈5</Filter>
    </ClCompile>
    <ClCompile Include="15727.cpp">
      <Filter>소스 파일\1. 브론즈\브론즈5</Filter>
    </ClCompile>
    <ClCompile Include="15733.cpp">
      <Filter>소스 파일\1. 브론즈\브론즈5</Filter>
    </ClCompile>
    <ClCompile Include="01018.cpp">
      <Filter>소스 파일\2. 실버\실버4</Filter>
    </ClCompile>
    <ClCompile Include="11866.cpp">
      <Filter>소스 파일\2. 실버\실버4</Filter>
    </ClCompile>
    <ClCompile Include="10997.cpp">
      <Filter>소스 파일\2. 실버\실버2</Filter>
    </ClCompile>
    <ClCompile Include="05338.cpp">
      <Filter>소스 파일\1. 브론즈\브론즈5</Filter>
    </ClCompile>
    <ClCompile Include="10994.cpp">
      <Filter>소스 파일\2. 실버\실버4</Filter>
    </ClCompile>
    <ClCompile Include="10996.cpp">
      <Filter>소스 파일\1. 브론즈\브론즈2</Filter>
    </ClCompile>
    <ClCompile Include="13015.cpp">
      <Filter>소스 파일\2. 실버\실버4</Filter>
    </ClCompile>
    <ClCompile Include="02164.cpp">
      <Filter>소스 파일\2. 실버\실버4</Filter>
    </ClCompile>
    <ClCompile Include="10816.cpp">
      <Filter>소스 파일\2. 실버\실버4</Filter>
    </ClCompile>
    <ClCompile Include="09012.cpp">
      <Filter>소스 파일\2. 실버\실버4</Filter>
    </ClCompile>
    <ClCompile Include="10156.cpp">
      <Filter>소스 파일\1. 브론즈\브론즈4</Filter>
    </ClCompile>
    <ClCompile Include="05532.cpp">
      <Filter>소스 파일\1. 브론즈\브론즈4</Filter>
    </ClCompile>
    <ClCompile Include="10101.cpp">
      <Filter>소스 파일\1. 브론즈\브론즈4</Filter>
    </ClCompile>
    <ClCompile Include="05596.cpp">
      <Filter>소스 파일\1. 브론즈\브론즈4</Filter>
    </ClCompile>
    <ClCompile Include="11365.cpp">
      <Filter>소스 파일\1. 브론즈\브론즈4</Filter>
    </ClCompile>
    <ClCompile Include="15680.cpp">
      <Filter>소스 파일\1. 브론즈\브론즈4</Filter>
    </ClCompile>
    <ClCompile Include="09316.cpp">
      <Filter>소스 파일\1. 브론즈\브론즈4</Filter>
    </ClCompile>
    <ClCompile Include="05717.cpp">
      <Filter>소스 파일\1. 브론즈\브론즈4</Filter>
    </ClCompile>
    <ClCompile Include="11943.cpp">
      <Filter>소스 파일\1. 브론즈\브론즈4</Filter>
    </ClCompile>
    <ClCompile Include="10768.cpp">
      <Filter>소스 파일\1. 브론즈\브론즈4</Filter>
    </ClCompile>
    <ClCompile Include="02083.cpp">
      <Filter>소스 파일\1. 브론즈\브론즈4</Filter>
    </ClCompile>
    <ClCompile Include="15963.cpp">
      <Filter>소스 파일\1. 브론즈\브론즈4</Filter>
    </ClCompile>
    <ClCompile Include="11948.cpp">
      <Filter>소스 파일\1. 브론즈\브론즈4</Filter>
    </ClCompile>
    <ClCompile Include="05575.cpp">
      <Filter>소스 파일\1. 브론즈\브론즈4</Filter>
    </ClCompile>
    <ClCompile Include="11945.cpp">
      <Filter>소스 파일\1. 브론즈\브론즈4</Filter>
    </ClCompile>
    <ClCompile Include="17388.cpp">
      <Filter>소스 파일\1. 브론즈\브론즈4</Filter>
    </ClCompile>
    <ClCompile Include="15439.cpp">
      <Filter>소스 파일\1. 브론즈\브론즈4</Filter>
    </ClCompile>
    <ClCompile Include="17362.cpp">
      <Filter>소스 파일\1. 브론즈\브론즈4</Filter>
    </ClCompile>
    <ClCompile Include="16486.cpp">
      <Filter>소스 파일\1. 브론즈\브론즈4</Filter>
    </ClCompile>
    <ClCompile Include="20499.cpp">
      <Filter>소스 파일\1. 브론즈\브론즈4</Filter>
    </ClCompile>
    <ClCompile Include="04299.cpp">
      <Filter>소스 파일\1. 브론즈\브론즈4</Filter>
    </ClCompile>
    <ClCompile Include="13866.cpp">
      <Filter>소스 파일\1. 브론즈\브론즈4</Filter>
    </ClCompile>
    <ClCompile Include="19944.cpp">
      <Filter>소스 파일\1. 브론즈\브론즈4</Filter>
    </ClCompile>
    <ClCompile Include="14489.cpp">
      <Filter>소스 파일\1. 브론즈\브론즈4</Filter>
    </ClCompile>
    <ClCompile Include="05893.cpp">
      <Filter>소스 파일\1. 브론즈\브론즈4</Filter>
    </ClCompile>
    <ClCompile Include="02720.cpp">
      <Filter>소스 파일\1. 브론즈\브론즈3</Filter>
    </ClCompile>
    <ClCompile Include="02965.cpp">
      <Filter>소스 파일\1. 브론즈\브론즈3</Filter>
    </ClCompile>
    <ClCompile Include="10102.cpp">
      <Filter>소스 파일\1. 브론즈\브론즈3</Filter>
    </ClCompile>
    <ClCompile Include="09610.cpp">
      <Filter>소스 파일\1. 브론즈\브론즈3</Filter>
    </ClCompile>
    <ClCompile Include="05988.cpp">
      <Filter>소스 파일\1. 브론즈\브론즈3</Filter>
    </ClCompile>
    <ClCompile Include="03034.cpp">
      <Filter>소스 파일\1. 브론즈\브론즈3</Filter>
    </ClCompile>
    <ClCompile Include="03058.cpp">
      <Filter>소스 파일\1. 브론즈\브론즈3</Filter>
    </ClCompile>
    <ClCompile Include="04458.cpp">
      <Filter>소스 파일\1. 브론즈\브론즈3</Filter>
    </ClCompile>
    <ClCompile Include="03047.cpp">
      <Filter>소스 파일\1. 브론즈\브론즈3</Filter>
    </ClCompile>
    <ClCompile Include="04504.cpp">
      <Filter>소스 파일\1. 브론즈\브론즈3</Filter>
    </ClCompile>
    <ClCompile Include="16394.cpp">
      <Filter>소스 파일\1. 브론즈\브론즈5</Filter>
    </ClCompile>
    <ClCompile Include="15962.cpp">
      <Filter>소스 파일\1. 브론즈\브론즈5</Filter>
    </ClCompile>
    <ClCompile Include="17295.cpp">
      <Filter>소스 파일\1. 브론즈\브론즈5</Filter>
    </ClCompile>
    <ClCompile Include="16170.cpp">
      <Filter>소스 파일\1. 브론즈\브론즈5</Filter>
    </ClCompile>
    <ClCompile Include="24900.cpp">
      <Filter>소스 파일\1. 브론즈\브론즈5</Filter>
    </ClCompile>
    <ClCompile Include="17496.cpp">
      <Filter>소스 파일\1. 브론즈\브론즈3</Filter>
    </ClCompile>
    <ClCompile Include="13752.cpp">
      <Filter>소스 파일\1. 브론즈\브론즈3</Filter>
    </ClCompile>
    <ClCompile Include="01284.cpp">
      <Filter>소스 파일\1. 브론즈\브론즈3</Filter>
    </ClCompile>
    <ClCompile Include="02959.cpp">
      <Filter>소스 파일\1. 브론즈\브론즈3</Filter>
    </ClCompile>
    <ClCompile Include="10179.cpp">
      <Filter>소스 파일\1. 브론즈\브론즈3</Filter>
    </ClCompile>
    <ClCompile Include="11966.cpp">
      <Filter>소스 파일\1. 브론즈\브론즈3</Filter>
    </ClCompile>
    <ClCompile Include="01598.cpp">
      <Filter>소스 파일\1. 브론즈\브론즈3</Filter>
    </ClCompile>
    <ClCompile Include="11023.cpp">
      <Filter>소스 파일\1. 브론즈\브론즈3</Filter>
    </ClCompile>
    <ClCompile Include="01247.cpp">
      <Filter>소스 파일\1. 브론즈\브론즈3</Filter>
    </ClCompile>
    <ClCompile Include="11006.cpp">
      <Filter>소스 파일\1. 브론즈\브론즈3</Filter>
    </ClCompile>
    <ClCompile Include="14720.cpp">
      <Filter>소스 파일\1. 브론즈\브론즈3</Filter>
    </ClCompile>
    <ClCompile Include="16204.cpp">
      <Filter>소스 파일\1. 브론즈\브론즈4</Filter>
    </ClCompile>
    <ClCompile Include="04470.cpp">
      <Filter>소스 파일\1. 브론즈\브론즈4</Filter>
    </ClCompile>
    <ClCompile Include="14470.cpp">
      <Filter>소스 파일\1. 브론즈\브론즈4</Filter>
    </ClCompile>
    <ClCompile Include="15726.cpp">
      <Filter>소스 파일\1. 브론즈\브론즈4</Filter>
    </ClCompile>
    <ClCompile Include="16199.cpp">
      <Filter>소스 파일\1. 브론즈\브론즈4</Filter>
    </ClCompile>
    <ClCompile Include="25191.cpp">
      <Filter>소스 파일\1. 브론즈\브론즈4</Filter>
    </ClCompile>
    <ClCompile Include="14264.cpp">
      <Filter>소스 파일\1. 브론즈\브론즈4</Filter>
    </ClCompile>
    <ClCompile Include="24723.cpp">
      <Filter>소스 파일\1. 브론즈\브론즈4</Filter>
    </ClCompile>
    <ClCompile Include="23793.cpp">
      <Filter>소스 파일\1. 브론즈\브론즈4</Filter>
    </ClCompile>
    <ClCompile Include="13118.cpp">
      <Filter>소스 파일\1. 브론즈\브론즈4</Filter>
    </ClCompile>
    <ClCompile Include="02783.cpp">
      <Filter>소스 파일\1. 브론즈\브론즈3</Filter>
    </ClCompile>
    <ClCompile Include="05073.cpp">
      <Filter>소스 파일\1. 브론즈\브론즈3</Filter>
    </ClCompile>
    <ClCompile Include="05361.cpp">
      <Filter>소스 파일\1. 브론즈\브론즈3</Filter>
    </ClCompile>
    <ClCompile Include="14656.cpp">
      <Filter>소스 파일\1. 브론즈\브론즈3</Filter>
    </ClCompile>
    <ClCompile Include="05523.cpp">
      <Filter>소스 파일\1. 브론즈\브론즈3</Filter>
    </ClCompile>
    <ClCompile Include="16673.cpp">
      <Filter>소스 파일\1. 브론즈\브론즈3</Filter>
    </ClCompile>
    <ClCompile Include="03059.cpp">
      <Filter>소스 파일\1. 브론즈\브론즈3</Filter>
    </ClCompile>
    <ClCompile Include="10409.cpp">
      <Filter>소스 파일\1. 브론즈\브론즈3</Filter>
    </ClCompile>
    <ClCompile Include="17614.cpp">
      <Filter>소스 파일\1. 브론즈\브론즈3</Filter>
    </ClCompile>
    <ClCompile Include="11586.cpp">
      <Filter>소스 파일\1. 브론즈\브론즈3</Filter>
    </ClCompile>
    <ClCompile Include="02863.cpp">
      <Filter>소스 파일\1. 브론즈\브론즈3</Filter>
    </ClCompile>
    <ClCompile Include="04880.cpp">
      <Filter>소스 파일\1. 브론즈\브론즈3</Filter>
    </ClCompile>
    <ClCompile Include="02997.cpp">
      <Filter>소스 파일\1. 브론즈\브론즈3</Filter>
    </ClCompile>
    <ClCompile Include="04892.cpp">
      <Filter>소스 파일\1. 브론즈\브론즈3</Filter>
    </ClCompile>
    <ClCompile Include="10419.cpp">
      <Filter>소스 파일\1. 브론즈\브론즈3</Filter>
    </ClCompile>
    <ClCompile Include="02108.cpp">
      <Filter>소스 파일\2. 실버\실버3</Filter>
    </ClCompile>
    <ClCompile Include="01764.cpp">
      <Filter>소스 파일\2. 실버\실버4</Filter>
    </ClCompile>
    <ClCompile Include="10773.cpp">
      <Filter>소스 파일\2. 실버\실버4</Filter>
    </ClCompile>
    <ClCompile Include="01193.cpp">
      <Filter>소스 파일\1. 브론즈\브론즈1</Filter>
    </ClCompile>
    <ClCompile Include="01924.cpp">
      <Filter>소스 파일\1. 브론즈\브론즈1</Filter>
    </ClCompile>
    <ClCompile Include="02217.cpp">
      <Filter>소스 파일\2. 실버\실버4</Filter>
    </ClCompile>
    <ClCompile Include="01436.cpp">
      <Filter>소스 파일\2. 실버\실버5</Filter>
    </ClCompile>
    <ClCompile Include="11728.cpp">
      <Filter>소스 파일\2. 실버\실버5</Filter>
    </ClCompile>
    <ClCompile Include="10867.cpp">
      <Filter>소스 파일\2. 실버\실버5</Filter>
    </ClCompile>
    <ClCompile Include="25305.cpp">
      <Filter>소스 파일\1. 브론즈\브론즈2</Filter>
    </ClCompile>
    <ClCompile Include="04949.cpp">
      <Filter>소스 파일\2. 실버\실버4</Filter>
    </ClCompile>
    <ClCompile Include="07568.cpp">
      <Filter>소스 파일\2. 실버\실버5</Filter>
    </ClCompile>
    <ClCompile Include="01874.cpp">
      <Filter>소스 파일\2. 실버\실버3</Filter>
    </ClCompile>
    <ClCompile Include="02864.cpp">
      <Filter>소스 파일\1. 브론즈\브론즈2</Filter>
    </ClCompile>
    <ClCompile Include="02810.cpp">
      <Filter>소스 파일\1. 브론즈\브론즈1</Filter>
    </ClCompile>
    <ClCompile Include="01966.cpp">
      <Filter>소스 파일\2. 실버\실버3</Filter>
    </ClCompile>
    <ClCompile Include="01929.cpp">
      <Filter>소스 파일\2. 실버\실버3</Filter>
    </ClCompile>
    <ClCompile Include="01654.cpp">
      <Filter>소스 파일\2. 실버\실버2</Filter>
    </ClCompile>
    <ClCompile Include="02693.cpp">
      <Filter>소스 파일\1. 브론즈\브론즈1</Filter>
    </ClCompile>
    <ClCompile Include="05576.cpp">
      <Filter>소스 파일\1. 브론즈\브론즈2</Filter>
    </ClCompile>
    <ClCompile Include="01302.cpp">
      <Filter>소스 파일\2. 실버\실버4</Filter>
    </ClCompile>
    <ClCompile Include="10825.cpp">
      <Filter>소스 파일\2. 실버\실버4</Filter>
    </ClCompile>
    <ClCompile Include="02902.cpp">
      <Filter>소스 파일\1. 브론즈\브론즈2</Filter>
    </ClCompile>
    <ClCompile Include="01100.cpp">
      <Filter>소스 파일\1. 브론즈\브론즈2</Filter>
    </ClCompile>
    <ClCompile Include="10988.cpp">
      <Filter>소스 파일\1. 브론즈\브론즈2</Filter>
    </ClCompile>
    <ClCompile Include="01076.cpp">
      <Filter>소스 파일\1. 브론즈\브론즈2</Filter>
    </ClCompile>
    <ClCompile Include="13300.cpp">
      <Filter>소스 파일\1. 브론즈\브론즈2</Filter>
    </ClCompile>
    <ClCompile Include="09076.cpp">
      <Filter>소스 파일\1. 브론즈\브론즈2</Filter>
    </ClCompile>
    <ClCompile Include="05800.cpp">
      <Filter>소스 파일\2. 실버\실버5</Filter>
    </ClCompile>
    <ClCompile Include="08979.cpp">
      <Filter>소스 파일\2. 실버\실버5</Filter>
    </ClCompile>
    <ClCompile Include="11931.cpp">
      <Filter>소스 파일\2. 실버\실버5</Filter>
    </ClCompile>
    <ClCompile Include="18111.cpp">
      <Filter>소스 파일\2. 실버\실버2</Filter>
    </ClCompile>
    <ClCompile Include="01065.cpp">
      <Filter>소스 파일\2. 실버\실버4</Filter>
    </ClCompile>
    <ClCompile Include="17608.cpp">
      <Filter>소스 파일\1. 브론즈\브론즈2</Filter>
    </ClCompile>
    <ClCompile Include="15969.cpp">
      <Filter>소스 파일\1. 브론즈\브론즈2</Filter>
    </ClCompile>
    <ClCompile Include="01225.cpp">
      <Filter>소스 파일\1. 브론즈\브론즈2</Filter>
    </ClCompile>
    <ClCompile Include="02805.cpp">
      <Filter>소스 파일\2. 실버\실버2</Filter>
    </ClCompile>
    <ClCompile Include="11723.cpp">
      <Filter>소스 파일\2. 실버\실버5</Filter>
    </ClCompile>
    <ClCompile Include="01075.cpp">
      <Filter>소스 파일\1. 브론즈\브론즈2</Filter>
    </ClCompile>
    <ClCompile Include="01159.cpp">
      <Filter>소스 파일\1. 브론즈\브론즈2</Filter>
    </ClCompile>
    <ClCompile Include="01173.cpp">
      <Filter>소스 파일\1. 브론즈\브론즈2</Filter>
    </ClCompile>
    <ClCompile Include="06778.cpp">
      <Filter>소스 파일\1. 브론즈\브론즈4</Filter>
    </ClCompile>
    <ClCompile Include="10474.cpp">
      <Filter>소스 파일\1. 브론즈\브론즈3</Filter>
    </ClCompile>
    <ClCompile Include="25501.cpp">
      <Filter>소스 파일\1. 브론즈\브론즈2</Filter>
    </ClCompile>
    <ClCompile Include="20953.cpp">
      <Filter>소스 파일\1. 브론즈\브론즈2</Filter>
    </ClCompile>
    <ClCompile Include="23827.cpp">
      <Filter>소스 파일\2. 실버\실버4</Filter>
    </ClCompile>
    <ClCompile Include="11653.cpp">
      <Filter>소스 파일\1. 브론즈\브론즈1</Filter>
    </ClCompile>
    <ClCompile Include="01934.cpp">
      <Filter>소스 파일\1. 브론즈\브론즈1</Filter>
    </ClCompile>
    <ClCompile Include="02702.cpp">
      <Filter>소스 파일\1. 브론즈\브론즈1</Filter>
    </ClCompile>
    <ClCompile Include="02355.cpp">
      <Filter>소스 파일\1. 브론즈\브론즈2</Filter>
    </ClCompile>
    <ClCompile Include="08370.cpp">
      <Filter>소스 파일\1. 브론즈\브론즈5</Filter>
    </ClCompile>
    <ClCompile Include="01003.cpp">
      <Filter>소스 파일\2. 실버\실버3</Filter>
    </ClCompile>
    <ClCompile Include="10822.cpp">
      <Filter>소스 파일\1. 브론즈\브론즈2</Filter>
    </ClCompile>
    <ClCompile Include="18301.cpp">
      <Filter>소스 파일\1. 브론즈\브론즈5</Filter>
    </ClCompile>
    <ClCompile Include="10158.cpp">
      <Filter>소스 파일\2. 실버\실버4</Filter>
    </ClCompile>
    <ClCompile Include="25640.cpp">
      <Filter>소스 파일\1. 브론즈\브론즈4</Filter>
    </ClCompile>
    <ClCompile Include="01620.cpp">
      <Filter>소스 파일\2. 실버\실버4</Filter>
    </ClCompile>
    <ClCompile Include="09095.cpp">
      <Filter>소스 파일\2. 실버\실버3</Filter>
    </ClCompile>
    <ClCompile Include="02941.cpp">
      <Filter>소스 파일\2. 실버\실버5</Filter>
    </ClCompile>
    <ClCompile Include="01550.cpp">
      <Filter>소스 파일\1. 브론즈\브론즈2</Filter>
    </ClCompile>
    <ClCompile Include="14915.cpp">
      <Filter>소스 파일\1. 브론즈\브론즈2</Filter>
    </ClCompile>
    <ClCompile Include="01212.cpp">
      <Filter>소스 파일\1. 브론즈\브론즈2</Filter>
    </ClCompile>
    <ClCompile Include="01002.cpp">
      <Filter>소스 파일\2. 실버\실버3</Filter>
    </ClCompile>
    <ClCompile Include="01037.cpp">
      <Filter>소스 파일\1. 브론즈\브론즈1</Filter>
    </ClCompile>
    <ClCompile Include="01010.cpp">
      <Filter>소스 파일\2. 실버\실버5</Filter>
    </ClCompile>
    <ClCompile Include="01476.cpp">
      <Filter>소스 파일\2. 실버\실버5</Filter>
    </ClCompile>
    <ClCompile Include="01094.cpp">
      <Filter>소스 파일\2. 실버\실버5</Filter>
    </ClCompile>
    <ClCompile Include="01789.cpp">
      <Filter>소스 파일\2. 실버\실버5</Filter>
    </ClCompile>
    <ClCompile Include="01475.cpp">
      <Filter>소스 파일\2. 실버\실버5</Filter>
    </ClCompile>
    <ClCompile Include="01032.cpp">
      <Filter>소스 파일\1. 브론즈\브론즈1</Filter>
    </ClCompile>
    <ClCompile Include="02563.cpp">
      <Filter>소스 파일\2. 실버\실버5</Filter>
    </ClCompile>
    <ClCompile Include="17478.cpp">
      <Filter>소스 파일\2. 실버\실버5</Filter>
    </ClCompile>
    <ClCompile Include="02176.cpp">
      <Filter>소스 파일\2. 실버\실버5</Filter>
    </ClCompile>
    <ClCompile Include="01541.cpp">
      <Filter>소스 파일\2. 실버\실버2</Filter>
    </ClCompile>
    <ClCompile Include="13305.cpp">
      <Filter>소스 파일\2. 실버\실버3</Filter>
    </ClCompile>
    <ClCompile Include="10610.cpp">
      <Filter>소스 파일\2. 실버\실버4</Filter>
    </ClCompile>
    <ClCompile Include="01946.cpp">
      <Filter>소스 파일\2. 실버\실버1</Filter>
    </ClCompile>
    <ClCompile Include="01439.cpp">
      <Filter>소스 파일\2. 실버\실버5</Filter>
    </ClCompile>
    <ClCompile Include="Note.cpp">
      <Filter>소스 파일</Filter>
    </ClCompile>
    <ClCompile Include="01715.cpp">
      <Filter>소스 파일\3. 골드\골드4</Filter>
    </ClCompile>
    <ClCompile Include="16953.cpp">
      <Filter>소스 파일\2. 실버\실버2</Filter>
    </ClCompile>
    <ClCompile Include="01049.cpp">
      <Filter>소스 파일\2. 실버\실버4</Filter>
    </ClCompile>
    <ClCompile Include="01449.cpp">
      <Filter>소스 파일\2. 실버\실버3</Filter>
    </ClCompile>
    <ClCompile Include="14916.cpp">
      <Filter>소스 파일\2. 실버\실버5</Filter>
    </ClCompile>
    <ClCompile Include="02847.cpp">
      <Filter>소스 파일\2. 실버\실버4</Filter>
    </ClCompile>
    <ClCompile Include="01783.cpp">
      <Filter>소스 파일\2. 실버\실버3</Filter>
    </ClCompile>
    <ClCompile Include="01213.cpp">
      <Filter>소스 파일\2. 실버\실버3</Filter>
    </ClCompile>
    <ClCompile Include="01343.cpp">
      <Filter>소스 파일\2. 실버\실버5</Filter>
    </ClCompile>
    <ClCompile Include="01080.cpp">
      <Filter>소스 파일\2. 실버\실버1</Filter>
    </ClCompile>
    <ClCompile Include="01339.cpp">
      <Filter>소스 파일\3. 골드\골드4</Filter>
    </ClCompile>
    <ClCompile Include="02587.cpp">
      <Filter>소스 파일\1. 브론즈\브론즈2</Filter>
    </ClCompile>
    <ClCompile Include="05176.cpp">
      <Filter>소스 파일\1. 브론즈\브론즈2</Filter>
    </ClCompile>
    <ClCompile Include="03040.cpp">
      <Filter>소스 파일\1. 브론즈\브론즈2</Filter>
    </ClCompile>
    <ClCompile Include="01357.cpp">
      <Filter>소스 파일\1. 브론즈\브론즈1</Filter>
    </ClCompile>
    <ClCompile Include="11944.cpp">
      <Filter>소스 파일\1. 브론즈\브론즈2</Filter>
    </ClCompile>
    <ClCompile Include="10821.cpp">
      <Filter>소스 파일\1. 브론즈\브론즈2</Filter>
    </ClCompile>
    <ClCompile Include="05218.cpp">
      <Filter>소스 파일\1. 브론즈\브론즈2</Filter>
    </ClCompile>
    <ClCompile Include="11170.cpp">
      <Filter>소스 파일\1. 브론즈\브론즈1</Filter>
    </ClCompile>
    <ClCompile Include="11655.cpp">
      <Filter>소스 파일\1. 브론즈\브론즈1</Filter>
    </ClCompile>
    <ClCompile Include="01463.cpp">
      <Filter>소스 파일\2. 실버\실버3</Filter>
    </ClCompile>
    <ClCompile Include="11726.cpp">
      <Filter>소스 파일\2. 실버\실버3</Filter>
    </ClCompile>
    <ClCompile Include="01149.cpp">
      <Filter>소스 파일\2. 실버\실버1</Filter>
    </ClCompile>
    <ClCompile Include="02579.cpp">
      <Filter>소스 파일\2. 실버\실버3</Filter>
    </ClCompile>
    <ClCompile Include="11053.cpp">
      <Filter>소스 파일\2. 실버\실버2</Filter>
    </ClCompile>
    <ClCompile Include="01932.cpp">
      <Filter>소스 파일\2. 실버\실버1</Filter>
    </ClCompile>
    <ClCompile Include="01912.cpp">
      <Filter>소스 파일\2. 실버\실버2</Filter>
    </ClCompile>
    <ClCompile Include="09416.cpp">
      <Filter>소스 파일\2. 실버\실버3</Filter>
    </ClCompile>
    <ClCompile Include="02156.cpp">
      <Filter>소스 파일\2. 실버\실버1</Filter>
    </ClCompile>
    <ClCompile Include="11727.cpp">
      <Filter>소스 파일\2. 실버\실버3</Filter>
    </ClCompile>
    <ClCompile Include="10844.cpp">
      <Filter>소스 파일\2. 실버\실버1</Filter>
    </ClCompile>
    <ClCompile Include="02193.cpp">
      <Filter>소스 파일\2. 실버\실버3</Filter>
    </ClCompile>
    <ClCompile Include="14501.cpp">
      <Filter>소스 파일\2. 실버\실버3</Filter>
    </ClCompile>
    <ClCompile Include="12865.cpp">
      <Filter>소스 파일\3. 골드\골드5</Filter>
    </ClCompile>
    <ClCompile Include="01026.cpp">
      <Filter>소스 파일\2. 실버\실버4</Filter>
    </ClCompile>
    <ClCompile Include="01252.cpp">
      <Filter>소스 파일\1. 브론즈\브론즈2</Filter>
    </ClCompile>
    <ClCompile Include="01350.cpp">
      <Filter>소스 파일\1. 브론즈\브론즈2</Filter>
    </ClCompile>
    <ClCompile Include="01356.cpp">
      <Filter>소스 파일\1. 브론즈\브론즈1</Filter>
    </ClCompile>
    <ClCompile Include="10815.cpp">
      <Filter>소스 파일\2. 실버\실버5</Filter>
    </ClCompile>
    <ClCompile Include="11004.cpp">
      <Filter>소스 파일\2. 실버\실버5</Filter>
    </ClCompile>
    <ClCompile Include="11651.cpp">
      <Filter>소스 파일\2. 실버\실버5</Filter>
    </ClCompile>
    <ClCompile Include="14924.cpp">
      <Filter>소스 파일\1. 브론즈\브론즈4</Filter>
    </ClCompile>
    <ClCompile Include="16430.cpp">
      <Filter>소스 파일\1. 브론즈\브론즈5</Filter>
    </ClCompile>
    <ClCompile Include="17256.cpp">
      <Filter>소스 파일\1. 브론즈\브론즈5</Filter>
    </ClCompile>
    <ClCompile Include="20492.cpp">
      <Filter>소스 파일\1. 브론즈\브론즈5</Filter>
    </ClCompile>
    <ClCompile Include="25238.cpp">
      <Filter>소스 파일\1. 브론즈\브론즈5</Filter>
    </ClCompile>
    <ClCompile Include="25311.cpp">
      <Filter>소스 파일\1. 브론즈\브론즈5</Filter>
    </ClCompile>
    <ClCompile Include="25314.cpp">
      <Filter>소스 파일\1. 브론즈\브론즈5</Filter>
    </ClCompile>
    <ClCompile Include="25372.cpp">
      <Filter>소스 파일\1. 브론즈\브론즈5</Filter>
    </ClCompile>
    <ClCompile Include="01904.cpp">
      <Filter>소스 파일\2. 실버\실버3</Filter>
    </ClCompile>
    <ClCompile Include="11052.cpp">
      <Filter>소스 파일\2. 실버\실버1</Filter>
    </ClCompile>
    <ClCompile Include="09465.cpp">
      <Filter>소스 파일\2. 실버\실버1</Filter>
    </ClCompile>
    <ClCompile Include="11057.cpp">
      <Filter>소스 파일\2. 실버\실버1</Filter>
    </ClCompile>
    <ClCompile Include="11051.cpp">
      <Filter>소스 파일\2. 실버\실버2</Filter>
    </ClCompile>
    <ClCompile Include="11055.cpp">
      <Filter>소스 파일\2. 실버\실버2</Filter>
    </ClCompile>
    <ClCompile Include="01699.cpp">
      <Filter>소스 파일\2. 실버\실버2</Filter>
    </ClCompile>
    <ClCompile Include="11722.cpp">
      <Filter>소스 파일\2. 실버\실버2</Filter>
    </ClCompile>
    <ClCompile Include="11054.cpp">
      <Filter>소스 파일\3. 골드\골드4</Filter>
    </ClCompile>
    <ClCompile Include="11660.cpp">
      <Filter>소스 파일\2. 실버\실버1</Filter>
    </ClCompile>
    <ClCompile Include="11000.cpp">
      <Filter>소스 파일\3. 골드\골드5</Filter>
    </ClCompile>
    <ClCompile Include="01927.cpp">
      <Filter>소스 파일\2. 실버\실버2</Filter>
    </ClCompile>
    <ClCompile Include="11279.cpp">
      <Filter>소스 파일\2. 실버\실버2</Filter>
    </ClCompile>
    <ClCompile Include="14500.cpp">
      <Filter>소스 파일\3. 골드\골드4</Filter>
    </ClCompile>
    <ClCompile Include="09251.cpp">
      <Filter>소스 파일\3. 골드\골드5</Filter>
    </ClCompile>
    <ClCompile Include="01158.cpp">
      <Filter>소스 파일\2. 실버\실버4</Filter>
    </ClCompile>
    <ClCompile Include="10799.cpp">
      <Filter>소스 파일\2. 실버\실버2</Filter>
    </ClCompile>
    <ClCompile Include="11656.cpp">
      <Filter>소스 파일\2. 실버\실버4</Filter>
    </ClCompile>
    <ClCompile Include="15903.cpp">
      <Filter>소스 파일\2. 실버\실버1</Filter>
    </ClCompile>
    <ClCompile Include="02293.cpp">
      <Filter>소스 파일\3. 골드\골드5</Filter>
    </ClCompile>
    <ClCompile Include="02212.cpp">
      <Filter>소스 파일\3. 골드\골드5</Filter>
    </ClCompile>
    <ClCompile Include="18870.cpp">
      <Filter>소스 파일\2. 실버\실버2</Filter>
    </ClCompile>
    <ClCompile Include="02630.cpp">
      <Filter>소스 파일\2. 실버\실버2</Filter>
    </ClCompile>
    <ClCompile Include="01074.cpp">
      <Filter>소스 파일\2. 실버\실버1</Filter>
    </ClCompile>
    <ClCompile Include="10757.cpp">
      <Filter>소스 파일\1. 브론즈\브론즈5</Filter>
    </ClCompile>
    <ClCompile Include="02294.cpp">
      <Filter>소스 파일\3. 골드\골드5</Filter>
    </ClCompile>
    <ClCompile Include="02948.cpp">
      <Filter>소스 파일\1. 브론즈\브론즈2</Filter>
    </ClCompile>
    <ClCompile Include="10820.cpp">
      <Filter>소스 파일\1. 브론즈\브론즈2</Filter>
    </ClCompile>
    <ClCompile Include="01940.cpp">
      <Filter>소스 파일\2. 실버\실버4</Filter>
    </ClCompile>
    <ClCompile Include="01406.cpp">
      <Filter>소스 파일\2. 실버\실버2</Filter>
    </ClCompile>
    <ClCompile Include="05397.cpp">
      <Filter>소스 파일\2. 실버\실버2</Filter>
    </ClCompile>
    <ClCompile Include="01926.cpp">
      <Filter>소스 파일\2. 실버\실버1</Filter>
    </ClCompile>
    <ClCompile Include="02178.cpp">
      <Filter>소스 파일\2. 실버\실버1</Filter>
    </ClCompile>
    <ClCompile Include="07576.cpp">
      <Filter>소스 파일\3. 골드\골드5</Filter>
    </ClCompile>
    <ClCompile Include="04179r.cpp">
      <Filter>소스 파일\3. 골드\골드4</Filter>
    </ClCompile>
    <ClCompile Include="01697.cpp">
      <Filter>소스 파일\2. 실버\실버1</Filter>
    </ClCompile>
    <ClCompile Include="07562.cpp">
      <Filter>소스 파일\2. 실버\실버1</Filter>
    </ClCompile>
    <ClCompile Include="05014.cpp">
      <Filter>소스 파일\2. 실버\실버1</Filter>
    </ClCompile>
    <ClCompile Include="11060.cpp">
      <Filter>소스 파일\2. 실버\실버2</Filter>
    </ClCompile>
    <ClCompile Include="10173.cpp">
      <Filter>소스 파일\1. 브론즈\브론즈2</Filter>
    </ClCompile>
    <ClCompile Include="05598.cpp">
      <Filter>소스 파일\1. 브론즈\브론즈2</Filter>
    </ClCompile>
    <ClCompile Include="09243.cpp">
      <Filter>소스 파일\1. 브론즈\브론즈2</Filter>
    </ClCompile>
    <ClCompile Include="01871.cpp">
      <Filter>소스 파일\1. 브론즈\브론즈2</Filter>
    </ClCompile>
    <ClCompile Include="11575.cpp">
      <Filter>소스 파일\1. 브론즈\브론즈2</Filter>
    </ClCompile>
    <ClCompile Include="01012.cpp">
      <Filter>소스 파일\2. 실버\실버2</Filter>
    </ClCompile>
    <ClCompile Include="02606.cpp">
      <Filter>소스 파일\2. 실버\실버3</Filter>
    </ClCompile>
    <ClCompile Include="11724.cpp">
      <Filter>소스 파일\2. 실버\실버2</Filter>
    </ClCompile>
    <ClCompile Include="01260.cpp">
      <Filter>소스 파일\2. 실버\실버2</Filter>
    </ClCompile>
    <ClCompile Include="02667.cpp">
      <Filter>소스 파일\2. 실버\실버1</Filter>
    </ClCompile>
  </ItemGroup>
</Project>