<?xml version="1.0" encoding="utf-8"?>
<Project ToolsVersion="4.0" xmlns="http://schemas.microsoft.com/developer/msbuild/2003">
  <ItemGroup>
    <Filter Include="소스 파일">
      <UniqueIdentifier>{4FC737F1-C7A5-4376-A066-2A32D752A2FF}</UniqueIdentifier>
      <Extensions>cpp;c;cc;cxx;c++;cppm;ixx;def;odl;idl;hpj;bat;asm;asmx</Extensions>
    </Filter>
    <Filter Include="헤더 파일">
      <UniqueIdentifier>{93995380-89BD-4b04-88EB-625FBE52EBFB}</UniqueIdentifier>
      <Extensions>h;hh;hpp;hxx;h++;hm;inl;inc;ipp;xsd</Extensions>
    </Filter>
    <Filter Include="리소스 파일">
      <UniqueIdentifier>{67DA6AB6-F800-4c08-8B7A-83BB121AAD01}</UniqueIdentifier>
      <Extensions>rc;ico;cur;bmp;dlg;rc2;rct;bin;rgs;gif;jpg;jpeg;jpe;resx;tiff;tif;png;wav;mfcribbon-ms</Extensions>
    </Filter>
    <Filter Include="소스 파일\코딩테스트용">
      <UniqueIdentifier>{017a3af8-a254-432e-9770-e35a7169fc63}</UniqueIdentifier>
    </Filter>
    <Filter Include="소스 파일\코딩테스트용\01. 트리 순회">
      <UniqueIdentifier>{a40a1291-88eb-420f-9391-70be97f4b9bb}</UniqueIdentifier>
    </Filter>
    <Filter Include="소스 파일\코딩테스트용\02. 이분탐색">
      <UniqueIdentifier>{f2df0d6b-42ab-47a4-9e63-8a29fe1d27f1}</UniqueIdentifier>
    </Filter>
    <Filter Include="소스 파일\코딩테스트용\04. DP">
      <UniqueIdentifier>{a7f94b15-a33a-45bd-9b3a-396f385d2d2c}</UniqueIdentifier>
    </Filter>
    <Filter Include="소스 파일\코딩테스트용\05. 그래프 이론">
      <UniqueIdentifier>{0962c07c-3571-4bfb-9757-7970f4a978e4}</UniqueIdentifier>
    </Filter>
    <Filter Include="소스 파일\코딩테스트용\07. DFS">
      <UniqueIdentifier>{8876451f-2d0f-4fde-ac35-e9f91e6d4638}</UniqueIdentifier>
    </Filter>
    <Filter Include="소스 파일\코딩테스트용\06. BFS">
      <UniqueIdentifier>{e9a2e4c9-1833-48fc-961c-d3948329b007}</UniqueIdentifier>
    </Filter>
    <Filter Include="소스 파일\코딩테스트용\08. 그리디">
      <UniqueIdentifier>{6078576a-9636-40a9-94b9-72762db9a10a}</UniqueIdentifier>
    </Filter>
    <Filter Include="소스 파일\코딩테스트용\03. 해시테이블">
      <UniqueIdentifier>{8aa9a126-dc99-456c-a1eb-2b1465decb8c}</UniqueIdentifier>
    </Filter>
    <Filter Include="소스 파일\코딩테스트용\09. MST">
      <UniqueIdentifier>{f5f8c3fb-1810-484b-b377-357a65b2ccb4}</UniqueIdentifier>
    </Filter>
    <Filter Include="소스 파일\코딩테스트용\10. 위상정렬">
      <UniqueIdentifier>{b9abe004-0ff2-4a2f-bed7-14c7501401e1}</UniqueIdentifier>
    </Filter>
    <Filter Include="소스 파일\코딩테스트용\11. 최단 경로">
      <UniqueIdentifier>{518aaa4f-1c3f-4bf9-94cb-e87fc5a5b15a}</UniqueIdentifier>
    </Filter>
    <Filter Include="소스 파일\코딩테스트용\12. 다익스트라">
      <UniqueIdentifier>{907cb6ad-98a1-48cf-bdde-c82ab580dd99}</UniqueIdentifier>
    </Filter>
    <Filter Include="소스 파일\코딩테스트용\13. 벨만-포드">
      <UniqueIdentifier>{b9f0094a-d50f-4aff-bcb8-1adcde1dd8c0}</UniqueIdentifier>
    </Filter>
    <Filter Include="소스 파일\코딩테스트용\14. 플루이드-워셜">
      <UniqueIdentifier>{80392559-8826-4698-9bff-d1de77a6bbd0}</UniqueIdentifier>
    </Filter>
    <Filter Include="소스 파일\코딩테스트용\15. 완전 탐색">
      <UniqueIdentifier>{48687abc-0cd9-4d1f-bf21-50963988d603}</UniqueIdentifier>
    </Filter>
    <Filter Include="소스 파일\코딩테스트용\16. 백트래킹">
      <UniqueIdentifier>{70ffc6f8-3c94-48d3-abef-049ee0a3f442}</UniqueIdentifier>
    </Filter>
    <Filter Include="소스 파일\코딩테스트용\17. 구현">
      <UniqueIdentifier>{48e21b1d-cf60-49cf-ab6a-866a8fa32388}</UniqueIdentifier>
    </Filter>
    <Filter Include="소스 파일\코딩테스트용\19. 투 포인터">
      <UniqueIdentifier>{2d0b2774-9d85-4c54-8d37-86bb4ededb86}</UniqueIdentifier>
    </Filter>
    <Filter Include="소스 파일\코딩테스트용\20. 누적합">
      <UniqueIdentifier>{65a9ce1f-0fbc-4beb-8df6-8e890268b8d2}</UniqueIdentifier>
    </Filter>
    <Filter Include="소스 파일\코딩테스트용\21. LIS">
      <UniqueIdentifier>{c21cdd05-8eeb-48fa-a5ca-e1055aa5a380}</UniqueIdentifier>
    </Filter>
    <Filter Include="소스 파일\코딩테스트용\22. 비트마스킹">
      <UniqueIdentifier>{a15a9cf5-cc2a-4bff-afab-a0dfd9cb16eb}</UniqueIdentifier>
    </Filter>
    <Filter Include="소스 파일\코딩테스트용\23. 펜윅트리">
      <UniqueIdentifier>{1e5c60e5-de68-471c-b94f-306431c97897}</UniqueIdentifier>
    </Filter>
    <Filter Include="소스 파일\코딩테스트용\18. 라인스위핑">
      <UniqueIdentifier>{c6efcacf-e862-4322-b1c5-649b47bc57fa}</UniqueIdentifier>
    </Filter>
  </ItemGroup>
  <ItemGroup>
    <ClCompile Include="Note.cpp">
      <Filter>소스 파일</Filter>
    </ClCompile>
    <ClCompile Include="047_02225.cpp">
      <Filter>소스 파일\코딩테스트용\04. DP</Filter>
    </ClCompile>
    <ClCompile Include="011_07576.cpp">
      <Filter>소스 파일\코딩테스트용\01. 트리 순회</Filter>
    </ClCompile>
    <ClCompile Include="012_14502.cpp">
      <Filter>소스 파일\코딩테스트용\01. 트리 순회</Filter>
    </ClCompile>
    <ClCompile Include="013_10026.cpp">
      <Filter>소스 파일\코딩테스트용\01. 트리 순회</Filter>
    </ClCompile>
    <ClCompile Include="014_07569.cpp">
      <Filter>소스 파일\코딩테스트용\01. 트리 순회</Filter>
    </ClCompile>
    <ClCompile Include="015_02206.cpp">
      <Filter>소스 파일\코딩테스트용\01. 트리 순회</Filter>
    </ClCompile>
    <ClCompile Include="017_16236.cpp">
      <Filter>소스 파일\코딩테스트용\01. 트리 순회</Filter>
    </ClCompile>
    <ClCompile Include="019_01520.cpp">
      <Filter>소스 파일\코딩테스트용\01. 트리 순회</Filter>
    </ClCompile>
    <ClCompile Include="041_12865.cpp">
      <Filter>소스 파일\코딩테스트용\04. DP</Filter>
    </ClCompile>
    <ClCompile Include="042_09251.cpp">
      <Filter>소스 파일\코딩테스트용\04. DP</Filter>
    </ClCompile>
    <ClCompile Include="043_02293.cpp">
      <Filter>소스 파일\코딩테스트용\04. DP</Filter>
    </ClCompile>
    <ClCompile Include="044_11054.cpp">
      <Filter>소스 파일\코딩테스트용\04. DP</Filter>
    </ClCompile>
    <ClCompile Include="045_01520.cpp">
      <Filter>소스 파일\코딩테스트용\04. DP</Filter>
    </ClCompile>
    <ClCompile Include="046_02294.cpp">
      <Filter>소스 파일\코딩테스트용\04. DP</Filter>
    </ClCompile>
    <ClCompile Include="051_07576.cpp">
      <Filter>소스 파일\코딩테스트용\05. 그래프 이론</Filter>
    </ClCompile>
    <ClCompile Include="052_14502.cpp">
      <Filter>소스 파일\코딩테스트용\05. 그래프 이론</Filter>
    </ClCompile>
    <ClCompile Include="053_01753.cpp">
      <Filter>소스 파일\코딩테스트용\05. 그래프 이론</Filter>
    </ClCompile>
    <ClCompile Include="054_10026.cpp">
      <Filter>소스 파일\코딩테스트용\05. 그래프 이론</Filter>
    </ClCompile>
    <ClCompile Include="055_07569.cpp">
      <Filter>소스 파일\코딩테스트용\05. 그래프 이론</Filter>
    </ClCompile>
    <ClCompile Include="056_02206.cpp">
      <Filter>소스 파일\코딩테스트용\05. 그래프 이론</Filter>
    </ClCompile>
    <ClCompile Include="061_07576.cpp">
      <Filter>소스 파일\코딩테스트용\06. BFS</Filter>
    </ClCompile>
    <ClCompile Include="062_14502.cpp">
      <Filter>소스 파일\코딩테스트용\06. BFS</Filter>
    </ClCompile>
    <ClCompile Include="063_10026.cpp">
      <Filter>소스 파일\코딩테스트용\06. BFS</Filter>
    </ClCompile>
    <ClCompile Include="064_07569.cpp">
      <Filter>소스 파일\코딩테스트용\06. BFS</Filter>
    </ClCompile>
    <ClCompile Include="065_02206.cpp">
      <Filter>소스 파일\코딩테스트용\06. BFS</Filter>
    </ClCompile>
    <ClCompile Include="066_16236.cpp">
      <Filter>소스 파일\코딩테스트용\06. BFS</Filter>
    </ClCompile>
    <ClCompile Include="068_16234.cpp">
      <Filter>소스 파일\코딩테스트용\06. BFS</Filter>
    </ClCompile>
    <ClCompile Include="071_10026.cpp">
      <Filter>소스 파일\코딩테스트용\07. DFS</Filter>
    </ClCompile>
    <ClCompile Include="073_01520.cpp">
      <Filter>소스 파일\코딩테스트용\07. DFS</Filter>
    </ClCompile>
    <ClCompile Include="075_02573.cpp">
      <Filter>소스 파일\코딩테스트용\07. DFS</Filter>
    </ClCompile>
    <ClCompile Include="081_01715.cpp">
      <Filter>소스 파일\코딩테스트용\08. 그리디</Filter>
    </ClCompile>
    <ClCompile Include="082_01339.cpp">
      <Filter>소스 파일\코딩테스트용\08. 그리디</Filter>
    </ClCompile>
    <ClCompile Include="085_11000.cpp">
      <Filter>소스 파일\코딩테스트용\08. 그리디</Filter>
    </ClCompile>
    <ClCompile Include="151_09663.cpp">
      <Filter>소스 파일\코딩테스트용\15. 완전 탐색</Filter>
    </ClCompile>
    <ClCompile Include="111_01753.cpp">
      <Filter>소스 파일\코딩테스트용\11. 최단 경로</Filter>
    </ClCompile>
    <ClCompile Include="152_14502.cpp">
      <Filter>소스 파일\코딩테스트용\15. 완전 탐색</Filter>
    </ClCompile>
    <ClCompile Include="155_14500.cpp">
      <Filter>소스 파일\코딩테스트용\15. 완전 탐색</Filter>
    </ClCompile>
    <ClCompile Include="156_01107.cpp">
      <Filter>소스 파일\코딩테스트용\15. 완전 탐색</Filter>
    </ClCompile>
    <ClCompile Include="161_09663.cpp">
      <Filter>소스 파일\코딩테스트용\16. 백트래킹</Filter>
    </ClCompile>
    <ClCompile Include="175_14500.cpp">
      <Filter>소스 파일\코딩테스트용\17. 구현</Filter>
    </ClCompile>
    <ClCompile Include="177_16236.cpp">
      <Filter>소스 파일\코딩테스트용\17. 구현</Filter>
    </ClCompile>
    <ClCompile Include="178_16234.cpp">
      <Filter>소스 파일\코딩테스트용\17. 구현</Filter>
    </ClCompile>
    <ClCompile Include="021_02110.cpp">
      <Filter>소스 파일\코딩테스트용\02. 이분탐색</Filter>
    </ClCompile>
    <ClCompile Include="022_12015.cpp">
      <Filter>소스 파일\코딩테스트용\02. 이분탐색</Filter>
    </ClCompile>
    <ClCompile Include="함수 정리.cpp">
      <Filter>소스 파일\코딩테스트용</Filter>
    </ClCompile>
    <ClCompile Include="027_12738.cpp">
      <Filter>소스 파일\코딩테스트용\02. 이분탐색</Filter>
    </ClCompile>
    <ClCompile Include="023_02470.cpp">
      <Filter>소스 파일\코딩테스트용\02. 이분탐색</Filter>
    </ClCompile>
    <ClCompile Include="091_01197.cpp">
      <Filter>소스 파일\코딩테스트용\09. MST</Filter>
    </ClCompile>
    <ClCompile Include="067_13549.cpp">
      <Filter>소스 파일\코딩테스트용\06. BFS</Filter>
    </ClCompile>
    <ClCompile Include="069_01707.cpp">
      <Filter>소스 파일\코딩테스트용\06. BFS</Filter>
    </ClCompile>
    <ClCompile Include="162_15686.cpp">
      <Filter>소스 파일\코딩테스트용\16. 백트래킹</Filter>
    </ClCompile>
    <ClCompile Include="153_15686.cpp">
      <Filter>소스 파일\코딩테스트용\15. 완전 탐색</Filter>
    </ClCompile>
    <ClCompile Include="171_14502.cpp">
      <Filter>소스 파일\코딩테스트용\17. 구현</Filter>
    </ClCompile>
    <ClCompile Include="154_01759.cpp">
      <Filter>소스 파일\코딩테스트용\15. 완전 탐색</Filter>
    </ClCompile>
    <ClCompile Include="163_01759.cpp">
      <Filter>소스 파일\코딩테스트용\16. 백트래킹</Filter>
    </ClCompile>
    <ClCompile Include="072_01987.cpp">
      <Filter>소스 파일\코딩테스트용\07. DFS</Filter>
    </ClCompile>
    <ClCompile Include="164_01987.cpp">
      <Filter>소스 파일\코딩테스트용\16. 백트래킹</Filter>
    </ClCompile>
    <ClCompile Include="048_02133.cpp">
      <Filter>소스 파일\코딩테스트용\04. DP</Filter>
    </ClCompile>
    <ClCompile Include="049_02565.cpp">
      <Filter>소스 파일\코딩테스트용\04. DP</Filter>
    </ClCompile>
    <ClCompile Include="089_01700.cpp">
      <Filter>소스 파일\코딩테스트용\08. 그리디</Filter>
    </ClCompile>
    <ClCompile Include="083_01202.cpp">
      <Filter>소스 파일\코딩테스트용\08. 그리디</Filter>
    </ClCompile>
    <ClCompile Include="085_01744.cpp">
      <Filter>소스 파일\코딩테스트용\08. 그리디</Filter>
    </ClCompile>
    <ClCompile Include="087_12904.cpp">
      <Filter>소스 파일\코딩테스트용\08. 그리디</Filter>
    </ClCompile>
    <ClCompile Include="088_02812.cpp">
      <Filter>소스 파일\코딩테스트용\08. 그리디</Filter>
    </ClCompile>
    <ClCompile Include="086_02437.cpp">
      <Filter>소스 파일\코딩테스트용\08. 그리디</Filter>
    </ClCompile>
  </ItemGroup>
</Project>